
Microsoft Visual Studio Solution File, Format Version 12.00
# Visual Studio Version 16
VisualStudioVersion = 16.0.29503.13
MinimumVisualStudioVersion = 10.0.40219.1
Project("{FAE04EC0-301F-11D3-BF4B-00C04F79EFBC}") = "CHCHALC.UWP", "CHCHALC\CHCHALC.UWP\CHCHALC.UWP.csproj", "{53B8F1BE-2283-4054-9EB3-025FC0E987CE}"
EndProject
Project("{FAE04EC0-301F-11D3-BF4B-00C04F79EFBC}") = "CHCHALC.Android", "CHCHALC\CHCHALC.Android\CHCHALC.Android.csproj", "{49D9AD4B-E7CB-430C-ADFA-3DF0B4938E8A}"
EndProject
Project("{FAE04EC0-301F-11D3-BF4B-00C04F79EFBC}") = "CHCHALC.iOS", "CHCHALC\CHCHALC.iOS\CHCHALC.iOS.csproj", "{7D64713F-6C29-4559-8EA6-1895B03EFF4D}"
EndProject
Project("{FAE04EC0-301F-11D3-BF4B-00C04F79EFBC}") = "CHCHALC", "CHCHALC\CHCHALC\CHCHALC.csproj", "{075D36E6-B9C8-49B0-8A2E-A6976E301104}"
EndProject
Global
	GlobalSection(SolutionConfigurationPlatforms) = preSolution
		Debug|Any CPU = Debug|Any CPU
		Debug|ARM = Debug|ARM
		Debug|iPhone = Debug|iPhone
		Debug|iPhoneSimulator = Debug|iPhoneSimulator
		Debug|x64 = Debug|x64
		Debug|x86 = Debug|x86
		Release|Any CPU = Release|Any CPU
		Release|ARM = Release|ARM
		Release|iPhone = Release|iPhone
		Release|iPhoneSimulator = Release|iPhoneSimulator
		Release|x64 = Release|x64
		Release|x86 = Release|x86
	EndGlobalSection
	GlobalSection(ProjectConfigurationPlatforms) = postSolution
		{53B8F1BE-2283-4054-9EB3-025FC0E987CE}.Debug|Any CPU.ActiveCfg = Debug|x86
		{53B8F1BE-2283-4054-9EB3-025FC0E987CE}.Debug|Any CPU.Build.0 = Debug|x86
		{53B8F1BE-2283-4054-9EB3-025FC0E987CE}.Debug|Any CPU.Deploy.0 = Debug|x86
		{53B8F1BE-2283-4054-9EB3-025FC0E987CE}.Debug|ARM.ActiveCfg = Debug|ARM
		{53B8F1BE-2283-4054-9EB3-025FC0E987CE}.Debug|ARM.Build.0 = Debug|ARM
		{53B8F1BE-2283-4054-9EB3-025FC0E987CE}.Debug|ARM.Deploy.0 = Debug|ARM
		{53B8F1BE-2283-4054-9EB3-025FC0E987CE}.Debug|iPhone.ActiveCfg = Debug|x86
		{53B8F1BE-2283-4054-9EB3-025FC0E987CE}.Debug|iPhone.Build.0 = Debug|x86
		{53B8F1BE-2283-4054-9EB3-025FC0E987CE}.Debug|iPhone.Deploy.0 = Debug|x86
		{53B8F1BE-2283-4054-9EB3-025FC0E987CE}.Debug|iPhoneSimulator.ActiveCfg = Debug|x86
		{53B8F1BE-2283-4054-9EB3-025FC0E987CE}.Debug|iPhoneSimulator.Build.0 = Debug|x86
		{53B8F1BE-2283-4054-9EB3-025FC0E987CE}.Debug|iPhoneSimulator.Deploy.0 = Debug|x86
		{53B8F1BE-2283-4054-9EB3-025FC0E987CE}.Debug|x64.ActiveCfg = Debug|x64
		{53B8F1BE-2283-4054-9EB3-025FC0E987CE}.Debug|x64.Build.0 = Debug|x64
		{53B8F1BE-2283-4054-9EB3-025FC0E987CE}.Debug|x64.Deploy.0 = Debug|x64
		{53B8F1BE-2283-4054-9EB3-025FC0E987CE}.Debug|x86.ActiveCfg = Debug|x86
		{53B8F1BE-2283-4054-9EB3-025FC0E987CE}.Debug|x86.Build.0 = Debug|x86
		{53B8F1BE-2283-4054-9EB3-025FC0E987CE}.Debug|x86.Deploy.0 = Debug|x86
		{53B8F1BE-2283-4054-9EB3-025FC0E987CE}.Release|Any CPU.ActiveCfg = Release|x86
		{53B8F1BE-2283-4054-9EB3-025FC0E987CE}.Release|Any CPU.Build.0 = Release|x86
		{53B8F1BE-2283-4054-9EB3-025FC0E987CE}.Release|Any CPU.Deploy.0 = Release|x86
		{53B8F1BE-2283-4054-9EB3-025FC0E987CE}.Release|ARM.ActiveCfg = Release|ARM
		{53B8F1BE-2283-4054-9EB3-025FC0E987CE}.Release|ARM.Build.0 = Release|ARM
		{53B8F1BE-2283-4054-9EB3-025FC0E987CE}.Release|ARM.Deploy.0 = Release|ARM
		{53B8F1BE-2283-4054-9EB3-025FC0E987CE}.Release|iPhone.ActiveCfg = Release|x86
		{53B8F1BE-2283-4054-9EB3-025FC0E987CE}.Release|iPhone.Build.0 = Release|x86
		{53B8F1BE-2283-4054-9EB3-025FC0E987CE}.Release|iPhone.Deploy.0 = Release|x86
		{53B8F1BE-2283-4054-9EB3-025FC0E987CE}.Release|iPhoneSimulator.ActiveCfg = Release|x86
		{53B8F1BE-2283-4054-9EB3-025FC0E987CE}.Release|iPhoneSimulator.Build.0 = Release|x86
		{53B8F1BE-2283-4054-9EB3-025FC0E987CE}.Release|iPhoneSimulator.Deploy.0 = Release|x86
		{53B8F1BE-2283-4054-9EB3-025FC0E987CE}.Release|x64.ActiveCfg = Release|x64
		{53B8F1BE-2283-4054-9EB3-025FC0E987CE}.Release|x64.Build.0 = Release|x64
		{53B8F1BE-2283-4054-9EB3-025FC0E987CE}.Release|x64.Deploy.0 = Release|x64
		{53B8F1BE-2283-4054-9EB3-025FC0E987CE}.Release|x86.ActiveCfg = Release|x86
		{53B8F1BE-2283-4054-9EB3-025FC0E987CE}.Release|x86.Build.0 = Release|x86
		{53B8F1BE-2283-4054-9EB3-025FC0E987CE}.Release|x86.Deploy.0 = Release|x86
		{49D9AD4B-E7CB-430C-ADFA-3DF0B4938E8A}.Debug|Any CPU.ActiveCfg = Debug|Any CPU
		{49D9AD4B-E7CB-430C-ADFA-3DF0B4938E8A}.Debug|Any CPU.Build.0 = Debug|Any CPU
		{49D9AD4B-E7CB-430C-ADFA-3DF0B4938E8A}.Debug|Any CPU.Deploy.0 = Debug|Any CPU
		{49D9AD4B-E7CB-430C-ADFA-3DF0B4938E8A}.Debug|ARM.ActiveCfg = Debug|Any CPU
		{49D9AD4B-E7CB-430C-ADFA-3DF0B4938E8A}.Debug|ARM.Build.0 = Debug|Any CPU
		{49D9AD4B-E7CB-430C-ADFA-3DF0B4938E8A}.Debug|ARM.Deploy.0 = Debug|Any CPU
		{49D9AD4B-E7CB-430C-ADFA-3DF0B4938E8A}.Debug|iPhone.ActiveCfg = Debug|Any CPU
		{49D9AD4B-E7CB-430C-ADFA-3DF0B4938E8A}.Debug|iPhone.Build.0 = Debug|Any CPU
		{49D9AD4B-E7CB-430C-ADFA-3DF0B4938E8A}.Debug|iPhone.Deploy.0 = Debug|Any CPU
		{49D9AD4B-E7CB-430C-ADFA-3DF0B4938E8A}.Debug|iPhoneSimulator.ActiveCfg = Debug|Any CPU
		{49D9AD4B-E7CB-430C-ADFA-3DF0B4938E8A}.Debug|iPhoneSimulator.Build.0 = Debug|Any CPU
		{49D9AD4B-E7CB-430C-ADFA-3DF0B4938E8A}.Debug|iPhoneSimulator.Deploy.0 = Debug|Any CPU
		{49D9AD4B-E7CB-430C-ADFA-3DF0B4938E8A}.Debug|x64.ActiveCfg = Debug|Any CPU
		{49D9AD4B-E7CB-430C-ADFA-3DF0B4938E8A}.Debug|x64.Build.0 = Debug|Any CPU
		{49D9AD4B-E7CB-430C-ADFA-3DF0B4938E8A}.Debug|x64.Deploy.0 = Debug|Any CPU
		{49D9AD4B-E7CB-430C-ADFA-3DF0B4938E8A}.Debug|x86.ActiveCfg = Debug|Any CPU
		{49D9AD4B-E7CB-430C-ADFA-3DF0B4938E8A}.Debug|x86.Build.0 = Debug|Any CPU
		{49D9AD4B-E7CB-430C-ADFA-3DF0B4938E8A}.Debug|x86.Deploy.0 = Debug|Any CPU
		{49D9AD4B-E7CB-430C-ADFA-3DF0B4938E8A}.Release|Any CPU.ActiveCfg = Release|Any CPU
		{49D9AD4B-E7CB-430C-ADFA-3DF0B4938E8A}.Release|Any CPU.Build.0 = Release|Any CPU
		{49D9AD4B-E7CB-430C-ADFA-3DF0B4938E8A}.Release|Any CPU.Deploy.0 = Release|Any CPU
		{49D9AD4B-E7CB-430C-ADFA-3DF0B4938E8A}.Release|ARM.ActiveCfg = Release|Any CPU
		{49D9AD4B-E7CB-430C-ADFA-3DF0B4938E8A}.Release|ARM.Build.0 = Release|Any CPU
		{49D9AD4B-E7CB-430C-ADFA-3DF0B4938E8A}.Release|ARM.Deploy.0 = Release|Any CPU
		{49D9AD4B-E7CB-430C-ADFA-3DF0B4938E8A}.Release|iPhone.ActiveCfg = Release|Any CPU
		{49D9AD4B-E7CB-430C-ADFA-3DF0B4938E8A}.Release|iPhone.Build.0 = Release|Any CPU
		{49D9AD4B-E7CB-430C-ADFA-3DF0B4938E8A}.Release|iPhone.Deploy.0 = Release|Any CPU
		{49D9AD4B-E7CB-430C-ADFA-3DF0B4938E8A}.Release|iPhoneSimulator.ActiveCfg = Release|Any CPU
		{49D9AD4B-E7CB-430C-ADFA-3DF0B4938E8A}.Release|iPhoneSimulator.Build.0 = Release|Any CPU
		{49D9AD4B-E7CB-430C-ADFA-3DF0B4938E8A}.Release|iPhoneSimulator.Deploy.0 = Release|Any CPU
		{49D9AD4B-E7CB-430C-ADFA-3DF0B4938E8A}.Release|x64.ActiveCfg = Release|Any CPU
		{49D9AD4B-E7CB-430C-ADFA-3DF0B4938E8A}.Release|x64.Build.0 = Release|Any CPU
		{49D9AD4B-E7CB-430C-ADFA-3DF0B4938E8A}.Release|x64.Deploy.0 = Release|Any CPU
		{49D9AD4B-E7CB-430C-ADFA-3DF0B4938E8A}.Release|x86.ActiveCfg = Release|Any CPU
		{49D9AD4B-E7CB-430C-ADFA-3DF0B4938E8A}.Release|x86.Build.0 = Release|Any CPU
		{49D9AD4B-E7CB-430C-ADFA-3DF0B4938E8A}.Release|x86.Deploy.0 = Release|Any CPU
		{7D64713F-6C29-4559-8EA6-1895B03EFF4D}.Debug|Any CPU.ActiveCfg = Debug|iPhone
		{7D64713F-6C29-4559-8EA6-1895B03EFF4D}.Debug|Any CPU.Build.0 = Debug|iPhone
		{7D64713F-6C29-4559-8EA6-1895B03EFF4D}.Debug|Any CPU.Deploy.0 = Debug|iPhone
		{7D64713F-6C29-4559-8EA6-1895B03EFF4D}.Debug|ARM.ActiveCfg = Debug|iPhoneSimulator
		{7D64713F-6C29-4559-8EA6-1895B03EFF4D}.Debug|ARM.Build.0 = Debug|iPhoneSimulator
		{7D64713F-6C29-4559-8EA6-1895B03EFF4D}.Debug|ARM.Deploy.0 = Debug|iPhoneSimulator
		{7D64713F-6C29-4559-8EA6-1895B03EFF4D}.Debug|iPhone.ActiveCfg = Debug|iPhone
		{7D64713F-6C29-4559-8EA6-1895B03EFF4D}.Debug|iPhone.Build.0 = Debug|iPhone
		{7D64713F-6C29-4559-8EA6-1895B03EFF4D}.Debug|iPhone.Deploy.0 = Debug|iPhone
		{7D64713F-6C29-4559-8EA6-1895B03EFF4D}.Debug|iPhoneSimulator.ActiveCfg = Debug|iPhoneSimulator
		{7D64713F-6C29-4559-8EA6-1895B03EFF4D}.Debug|iPhoneSimulator.Build.0 = Debug|iPhoneSimulator
		{7D64713F-6C29-4559-8EA6-1895B03EFF4D}.Debug|iPhoneSimulator.Deploy.0 = Debug|iPhoneSimulator
		{7D64713F-6C29-4559-8EA6-1895B03EFF4D}.Debug|x64.ActiveCfg = Debug|iPhone
		{7D64713F-6C29-4559-8EA6-1895B03EFF4D}.Debug|x64.Build.0 = Debug|iPhone
		{7D64713F-6C29-4559-8EA6-1895B03EFF4D}.Debug|x64.Deploy.0 = Debug|iPhone
		{7D64713F-6C29-4559-8EA6-1895B03EFF4D}.Debug|x86.ActiveCfg = Debug|iPhone
		{7D64713F-6C29-4559-8EA6-1895B03EFF4D}.Debug|x86.Build.0 = Debug|iPhone
		{7D64713F-6C29-4559-8EA6-1895B03EFF4D}.Debug|x86.Deploy.0 = Debug|iPhone
		{7D64713F-6C29-4559-8EA6-1895B03EFF4D}.Release|Any CPU.ActiveCfg = Release|iPhone
		{7D64713F-6C29-4559-8EA6-1895B03EFF4D}.Release|Any CPU.Build.0 = Release|iPhone
		{7D64713F-6C29-4559-8EA6-1895B03EFF4D}.Release|Any CPU.Deploy.0 = Release|iPhone
		{7D64713F-6C29-4559-8EA6-1895B03EFF4D}.Release|ARM.ActiveCfg = Release|iPhone
		{7D64713F-6C29-4559-8EA6-1895B03EFF4D}.Release|ARM.Build.0 = Release|iPhone
		{7D64713F-6C29-4559-8EA6-1895B03EFF4D}.Release|ARM.Deploy.0 = Release|iPhone
		{7D64713F-6C29-4559-8EA6-1895B03EFF4D}.Release|iPhone.ActiveCfg = Release|iPhone
		{7D64713F-6C29-4559-8EA6-1895B03EFF4D}.Release|iPhone.Build.0 = Release|iPhone
		{7D64713F-6C29-4559-8EA6-1895B03EFF4D}.Release|iPhone.Deploy.0 = Release|iPhone
		{7D64713F-6C29-4559-8EA6-1895B03EFF4D}.Release|iPhoneSimulator.ActiveCfg = Release|iPhoneSimulator
		{7D64713F-6C29-4559-8EA6-1895B03EFF4D}.Release|iPhoneSimulator.Build.0 = Release|iPhoneSimulator
		{7D64713F-6C29-4559-8EA6-1895B03EFF4D}.Release|iPhoneSimulator.Deploy.0 = Release|iPhoneSimulator
		{7D64713F-6C29-4559-8EA6-1895B03EFF4D}.Release|x64.ActiveCfg = Release|iPhone
		{7D64713F-6C29-4559-8EA6-1895B03EFF4D}.Release|x64.Build.0 = Release|iPhone
		{7D64713F-6C29-4559-8EA6-1895B03EFF4D}.Release|x64.Deploy.0 = Release|iPhone
		{7D64713F-6C29-4559-8EA6-1895B03EFF4D}.Release|x86.ActiveCfg = Release|iPhone
		{7D64713F-6C29-4559-8EA6-1895B03EFF4D}.Release|x86.Build.0 = Release|iPhone
		{7D64713F-6C29-4559-8EA6-1895B03EFF4D}.Release|x86.Deploy.0 = Release|iPhone
		{075D36E6-B9C8-49B0-8A2E-A6976E301104}.Debug|Any CPU.ActiveCfg = Debug|Any CPU
		{075D36E6-B9C8-49B0-8A2E-A6976E301104}.Debug|Any CPU.Build.0 = Debug|Any CPU
		{075D36E6-B9C8-49B0-8A2E-A6976E301104}.Debug|Any CPU.Deploy.0 = Debug|Any CPU
		{075D36E6-B9C8-49B0-8A2E-A6976E301104}.Debug|ARM.ActiveCfg = Debug|Any CPU
		{075D36E6-B9C8-49B0-8A2E-A6976E301104}.Debug|ARM.Build.0 = Debug|Any CPU
		{075D36E6-B9C8-49B0-8A2E-A6976E301104}.Debug|ARM.Deploy.0 = Debug|Any CPU
		{075D36E6-B9C8-49B0-8A2E-A6976E301104}.Debug|iPhone.ActiveCfg = Debug|Any CPU
		{075D36E6-B9C8-49B0-8A2E-A6976E301104}.Debug|iPhone.Build.0 = Debug|Any CPU
		{075D36E6-B9C8-49B0-8A2E-A6976E301104}.Debug|iPhone.Deploy.0 = Debug|Any CPU
		{075D36E6-B9C8-49B0-8A2E-A6976E301104}.Debug|iPhoneSimulator.ActiveCfg = Debug|Any CPU
		{075D36E6-B9C8-49B0-8A2E-A6976E301104}.Debug|iPhoneSimulator.Build.0 = Debug|Any CPU
		{075D36E6-B9C8-49B0-8A2E-A6976E301104}.Debug|iPhoneSimulator.Deploy.0 = Debug|Any CPU
		{075D36E6-B9C8-49B0-8A2E-A6976E301104}.Debug|x64.ActiveCfg = Debug|Any CPU
		{075D36E6-B9C8-49B0-8A2E-A6976E301104}.Debug|x64.Build.0 = Debug|Any CPU
		{075D36E6-B9C8-49B0-8A2E-A6976E301104}.Debug|x64.Deploy.0 = Debug|Any CPU
		{075D36E6-B9C8-49B0-8A2E-A6976E301104}.Debug|x86.ActiveCfg = Debug|Any CPU
		{075D36E6-B9C8-49B0-8A2E-A6976E301104}.Debug|x86.Build.0 = Debug|Any CPU
		{075D36E6-B9C8-49B0-8A2E-A6976E301104}.Debug|x86.Deploy.0 = Debug|Any CPU
		{075D36E6-B9C8-49B0-8A2E-A6976E301104}.Release|Any CPU.ActiveCfg = Release|Any CPU
		{075D36E6-B9C8-49B0-8A2E-A6976E301104}.Release|Any CPU.Build.0 = Release|Any CPU
		{075D36E6-B9C8-49B0-8A2E-A6976E301104}.Release|Any CPU.Deploy.0 = Release|Any CPU
		{075D36E6-B9C8-49B0-8A2E-A6976E301104}.Release|ARM.ActiveCfg = Release|Any CPU
		{075D36E6-B9C8-49B0-8A2E-A6976E301104}.Release|ARM.Build.0 = Release|Any CPU
		{075D36E6-B9C8-49B0-8A2E-A6976E301104}.Release|ARM.Deploy.0 = Release|Any CPU
		{075D36E6-B9C8-49B0-8A2E-A6976E301104}.Release|iPhone.ActiveCfg = Release|Any CPU
		{075D36E6-B9C8-49B0-8A2E-A6976E301104}.Release|iPhone.Build.0 = Release|Any CPU
		{075D36E6-B9C8-49B0-8A2E-A6976E301104}.Release|iPhone.Deploy.0 = Release|Any CPU
		{075D36E6-B9C8-49B0-8A2E-A6976E301104}.Release|iPhoneSimulator.ActiveCfg = Release|Any CPU
		{075D36E6-B9C8-49B0-8A2E-A6976E301104}.Release|iPhoneSimulator.Build.0 = Release|Any CPU
		{075D36E6-B9C8-49B0-8A2E-A6976E301104}.Release|iPhoneSimulator.Deploy.0 = Release|Any CPU
		{075D36E6-B9C8-49B0-8A2E-A6976E301104}.Release|x64.ActiveCfg = Release|Any CPU
		{075D36E6-B9C8-49B0-8A2E-A6976E301104}.Release|x64.Build.0 = Release|Any CPU
		{075D36E6-B9C8-49B0-8A2E-A6976E301104}.Release|x64.Deploy.0 = Release|Any CPU
		{075D36E6-B9C8-49B0-8A2E-A6976E301104}.Release|x86.ActiveCfg = Release|Any CPU
		{075D36E6-B9C8-49B0-8A2E-A6976E301104}.Release|x86.Build.0 = Release|Any CPU
		{075D36E6-B9C8-49B0-8A2E-A6976E301104}.Release|x86.Deploy.0 = Release|Any CPU
	EndGlobalSection
	GlobalSection(SolutionProperties) = preSolution
		HideSolutionNode = FALSE
	EndGlobalSection
	GlobalSection(ExtensibilityGlobals) = postSolution
		SolutionGuid = {39837A4C-4A45-417C-B2FC-0FBC56594B29}
	EndGlobalSection
EndGlobal
